
Microsoft Visual Studio Solution File, Format Version 12.00
# Visual Studio Version 17
VisualStudioVersion = 17.2.32526.322
MinimumVisualStudioVersion = 10.0.40219.1
Project("{9A19103F-16F7-4668-BE54-9A1E7A4F7556}") = "Shank", "Shank\Shank.csproj", "{9EB91A0B-9502-4790-9D18-CE79DBEBD54E}"
EndProject
Project("{9A19103F-16F7-4668-BE54-9A1E7A4F7556}") = "ShankUnitTests", "ShankUnitTests\ShankUnitTests.csproj", "{BB9C5832-C2A2-40F8-85FF-D24C5332BF98}"
EndProject
Project("{9A19103F-16F7-4668-BE54-9A1E7A4F7556}") = "Tran", "Tran\Tran.csproj", "{83F8DFBF-53D8-4837-B372-7D2EDAB47EB2}"
EndProject
Project("{FAE04EC0-301F-11D3-BF4B-00C04F79EFBC}") = "TranUnitTests", "TranUnitTests\TranUnitTests.csproj", "{D5C23CCD-D278-43FB-81B9-612620E18203}"
EndProject
Global
	GlobalSection(SolutionConfigurationPlatforms) = preSolution
		Debug|Any CPU = Debug|Any CPU
		Release|Any CPU = Release|Any CPU
	EndGlobalSection
	GlobalSection(ProjectConfigurationPlatforms) = postSolution
		{9EB91A0B-9502-4790-9D18-CE79DBEBD54E}.Debug|Any CPU.ActiveCfg = Debug|Any CPU
		{9EB91A0B-9502-4790-9D18-CE79DBEBD54E}.Debug|Any CPU.Build.0 = Debug|Any CPU
		{9EB91A0B-9502-4790-9D18-CE79DBEBD54E}.Release|Any CPU.ActiveCfg = Release|Any CPU
		{9EB91A0B-9502-4790-9D18-CE79DBEBD54E}.Release|Any CPU.Build.0 = Release|Any CPU
		{BB9C5832-C2A2-40F8-85FF-D24C5332BF98}.Debug|Any CPU.ActiveCfg = Debug|Any CPU
		{BB9C5832-C2A2-40F8-85FF-D24C5332BF98}.Debug|Any CPU.Build.0 = Debug|Any CPU
		{BB9C5832-C2A2-40F8-85FF-D24C5332BF98}.Release|Any CPU.ActiveCfg = Release|Any CPU
		{BB9C5832-C2A2-40F8-85FF-D24C5332BF98}.Release|Any CPU.Build.0 = Release|Any CPU
		{83F8DFBF-53D8-4837-B372-7D2EDAB47EB2}.Debug|Any CPU.ActiveCfg = Debug|Any CPU
		{83F8DFBF-53D8-4837-B372-7D2EDAB47EB2}.Debug|Any CPU.Build.0 = Debug|Any CPU
		{83F8DFBF-53D8-4837-B372-7D2EDAB47EB2}.Release|Any CPU.ActiveCfg = Release|Any CPU
		{83F8DFBF-53D8-4837-B372-7D2EDAB47EB2}.Release|Any CPU.Build.0 = Release|Any CPU
		{D5C23CCD-D278-43FB-81B9-612620E18203}.Debug|Any CPU.ActiveCfg = Debug|Any CPU
		{D5C23CCD-D278-43FB-81B9-612620E18203}.Debug|Any CPU.Build.0 = Debug|Any CPU
		{D5C23CCD-D278-43FB-81B9-612620E18203}.Release|Any CPU.ActiveCfg = Release|Any CPU
		{D5C23CCD-D278-43FB-81B9-612620E18203}.Release|Any CPU.Build.0 = Release|Any CPU
	EndGlobalSection
	GlobalSection(SolutionProperties) = preSolution
		HideSolutionNode = FALSE
	EndGlobalSection
	GlobalSection(ExtensibilityGlobals) = postSolution
		SolutionGuid = {7850FD5E-46CD-46B5-97DD-D00C6585B668}
	EndGlobalSection
EndGlobal
