
Microsoft Visual Studio Solution File, Format Version 12.00
# Visual Studio Version 17
VisualStudioVersion = 17.8.34330.188
MinimumVisualStudioVersion = 10.0.40219.1
Project("{FAE04EC0-301F-11D3-BF4B-00C04F79EFBC}") = "Tran", "Tran\Tran.csproj", "{3B72490A-0690-4EF1-8021-FEAA2FE5069A}"
EndProject
Global
	GlobalSection(SolutionConfigurationPlatforms) = preSolution
		Debug|Any CPU = Debug|Any CPU
		Release|Any CPU = Release|Any CPU
	EndGlobalSection
	GlobalSection(ProjectConfigurationPlatforms) = postSolution
		{3B72490A-0690-4EF1-8021-FEAA2FE5069A}.Debug|Any CPU.ActiveCfg = Debug|Any CPU
		{3B72490A-0690-4EF1-8021-FEAA2FE5069A}.Debug|Any CPU.Build.0 = Debug|Any CPU
		{3B72490A-0690-4EF1-8021-FEAA2FE5069A}.Release|Any CPU.ActiveCfg = Release|Any CPU
		{3B72490A-0690-4EF1-8021-FEAA2FE5069A}.Release|Any CPU.Build.0 = Release|Any CPU
	EndGlobalSection
	GlobalSection(SolutionProperties) = preSolution
		HideSolutionNode = FALSE
	EndGlobalSection
	GlobalSection(ExtensibilityGlobals) = postSolution
		SolutionGuid = {859F1AA6-57B3-43E9-BDB4-C404A23220DA}
	EndGlobalSection
EndGlobal
